
Microsoft Visual Studio Solution File, Format Version 12.00
# Visual Studio Version 17
VisualStudioVersion = 17.11.35222.181
MinimumVisualStudioVersion = 10.0.40219.1
Project("{FAE04EC0-301F-11D3-BF4B-00C04F79EFBC}") = "2024_12_12_Szuperhos", "2024_12_12_Szuperhos\2024_12_12_Szuperhos.csproj", "{8874221A-0397-4679-9834-04FA3D394577}"
EndProject
Global
	GlobalSection(SolutionConfigurationPlatforms) = preSolution
		Debug|Any CPU = Debug|Any CPU
		Release|Any CPU = Release|Any CPU
	EndGlobalSection
	GlobalSection(ProjectConfigurationPlatforms) = postSolution
		{8874221A-0397-4679-9834-04FA3D394577}.Debug|Any CPU.ActiveCfg = Debug|Any CPU
		{8874221A-0397-4679-9834-04FA3D394577}.Debug|Any CPU.Build.0 = Debug|Any CPU
		{8874221A-0397-4679-9834-04FA3D394577}.Release|Any CPU.ActiveCfg = Release|Any CPU
		{8874221A-0397-4679-9834-04FA3D394577}.Release|Any CPU.Build.0 = Release|Any CPU
	EndGlobalSection
	GlobalSection(SolutionProperties) = preSolution
		HideSolutionNode = FALSE
	EndGlobalSection
	GlobalSection(ExtensibilityGlobals) = postSolution
		SolutionGuid = {64A4D72C-C0DF-454D-B1CE-68436BFB5B10}
	EndGlobalSection
EndGlobal
