
Microsoft Visual Studio Solution File, Format Version 12.00
# Visual Studio Version 17
VisualStudioVersion = 17.11.35222.181
MinimumVisualStudioVersion = 10.0.40219.1
Project("{FAE04EC0-301F-11D3-BF4B-00C04F79EFBC}") = "2024_12_18_Berogzitettfuggvenyek", "2024_12_18_Berogzitettfuggvenyek\2024_12_18_Berogzitettfuggvenyek.csproj", "{3D250D80-758A-4F00-B2A4-DA7F25730506}"
EndProject
Global
	GlobalSection(SolutionConfigurationPlatforms) = preSolution
		Debug|Any CPU = Debug|Any CPU
		Release|Any CPU = Release|Any CPU
	EndGlobalSection
	GlobalSection(ProjectConfigurationPlatforms) = postSolution
		{3D250D80-758A-4F00-B2A4-DA7F25730506}.Debug|Any CPU.ActiveCfg = Debug|Any CPU
		{3D250D80-758A-4F00-B2A4-DA7F25730506}.Debug|Any CPU.Build.0 = Debug|Any CPU
		{3D250D80-758A-4F00-B2A4-DA7F25730506}.Release|Any CPU.ActiveCfg = Release|Any CPU
		{3D250D80-758A-4F00-B2A4-DA7F25730506}.Release|Any CPU.Build.0 = Release|Any CPU
	EndGlobalSection
	GlobalSection(SolutionProperties) = preSolution
		HideSolutionNode = FALSE
	EndGlobalSection
	GlobalSection(ExtensibilityGlobals) = postSolution
		SolutionGuid = {D7BEF79D-9348-45A4-817D-80A74D2E5EC3}
	EndGlobalSection
EndGlobal
