
Microsoft Visual Studio Solution File, Format Version 12.00
# Visual Studio Version 17
VisualStudioVersion = 17.11.35222.181
MinimumVisualStudioVersion = 10.0.40219.1
Project("{FAE04EC0-301F-11D3-BF4B-00C04F79EFBC}") = "2024_09_16_Ismetles_Structura", "2024_09_16_Ismetles_Structura\2024_09_16_Ismetles_Structura.csproj", "{3F1EA43B-49CF-4731-967B-62201E884A3D}"
EndProject
Global
	GlobalSection(SolutionConfigurationPlatforms) = preSolution
		Debug|Any CPU = Debug|Any CPU
		Release|Any CPU = Release|Any CPU
	EndGlobalSection
	GlobalSection(ProjectConfigurationPlatforms) = postSolution
		{3F1EA43B-49CF-4731-967B-62201E884A3D}.Debug|Any CPU.ActiveCfg = Debug|Any CPU
		{3F1EA43B-49CF-4731-967B-62201E884A3D}.Debug|Any CPU.Build.0 = Debug|Any CPU
		{3F1EA43B-49CF-4731-967B-62201E884A3D}.Release|Any CPU.ActiveCfg = Release|Any CPU
		{3F1EA43B-49CF-4731-967B-62201E884A3D}.Release|Any CPU.Build.0 = Release|Any CPU
	EndGlobalSection
	GlobalSection(SolutionProperties) = preSolution
		HideSolutionNode = FALSE
	EndGlobalSection
	GlobalSection(ExtensibilityGlobals) = postSolution
		SolutionGuid = {E2E9BF92-ABD1-446E-A078-E99673DA86BE}
	EndGlobalSection
EndGlobal
