
Microsoft Visual Studio Solution File, Format Version 12.00
# Visual Studio Version 17
VisualStudioVersion = 17.10.35122.118
MinimumVisualStudioVersion = 10.0.40219.1
Project("{FAE04EC0-301F-11D3-BF4B-00C04F79EFBC}") = "2024_09_19_Gyakorlas", "2024_09_19_Gyakorlas\2024_09_19_Gyakorlas.csproj", "{05CF9E48-E2B9-4F6F-B6B8-928E21921C41}"
EndProject
Global
	GlobalSection(SolutionConfigurationPlatforms) = preSolution
		Debug|Any CPU = Debug|Any CPU
		Release|Any CPU = Release|Any CPU
	EndGlobalSection
	GlobalSection(ProjectConfigurationPlatforms) = postSolution
		{05CF9E48-E2B9-4F6F-B6B8-928E21921C41}.Debug|Any CPU.ActiveCfg = Debug|Any CPU
		{05CF9E48-E2B9-4F6F-B6B8-928E21921C41}.Debug|Any CPU.Build.0 = Debug|Any CPU
		{05CF9E48-E2B9-4F6F-B6B8-928E21921C41}.Release|Any CPU.ActiveCfg = Release|Any CPU
		{05CF9E48-E2B9-4F6F-B6B8-928E21921C41}.Release|Any CPU.Build.0 = Release|Any CPU
	EndGlobalSection
	GlobalSection(SolutionProperties) = preSolution
		HideSolutionNode = FALSE
	EndGlobalSection
	GlobalSection(ExtensibilityGlobals) = postSolution
		SolutionGuid = {577A48B6-D33E-472F-955A-D1A1E7A21275}
	EndGlobalSection
EndGlobal
