
Microsoft Visual Studio Solution File, Format Version 12.00
# Visual Studio Version 17
VisualStudioVersion = 17.11.35222.181
MinimumVisualStudioVersion = 10.0.40219.1
Project("{FAE04EC0-301F-11D3-BF4B-00C04F79EFBC}") = "2025_01_06 LINQ_alapok", "2025_01_06 LINQ_alapok\2025_01_06 LINQ_alapok.csproj", "{BDB7D5B7-6B41-4DBE-973D-F2A6973DFD01}"
EndProject
Global
	GlobalSection(SolutionConfigurationPlatforms) = preSolution
		Debug|Any CPU = Debug|Any CPU
		Release|Any CPU = Release|Any CPU
	EndGlobalSection
	GlobalSection(ProjectConfigurationPlatforms) = postSolution
		{BDB7D5B7-6B41-4DBE-973D-F2A6973DFD01}.Debug|Any CPU.ActiveCfg = Debug|Any CPU
		{BDB7D5B7-6B41-4DBE-973D-F2A6973DFD01}.Debug|Any CPU.Build.0 = Debug|Any CPU
		{BDB7D5B7-6B41-4DBE-973D-F2A6973DFD01}.Release|Any CPU.ActiveCfg = Release|Any CPU
		{BDB7D5B7-6B41-4DBE-973D-F2A6973DFD01}.Release|Any CPU.Build.0 = Release|Any CPU
	EndGlobalSection
	GlobalSection(SolutionProperties) = preSolution
		HideSolutionNode = FALSE
	EndGlobalSection
	GlobalSection(ExtensibilityGlobals) = postSolution
		SolutionGuid = {AECAD008-F523-4244-B67F-90DD33748F2D}
	EndGlobalSection
EndGlobal
